
Microsoft Visual Studio Solution File, Format Version 12.00
# Visual Studio Version 17
VisualStudioVersion = 17.3.32901.215
MinimumVisualStudioVersion = 10.0.40219.1
Project("{FAE04EC0-301F-11D3-BF4B-00C04F79EFBC}") = "L12_SBLG_1104822", "L12_SBLG_1104822\L12_SBLG_1104822.csproj", "{FA4125DE-761B-437B-A0F8-4BAA7287838E}"
EndProject
Global
	GlobalSection(SolutionConfigurationPlatforms) = preSolution
		Debug|Any CPU = Debug|Any CPU
		Release|Any CPU = Release|Any CPU
	EndGlobalSection
	GlobalSection(ProjectConfigurationPlatforms) = postSolution
		{FA4125DE-761B-437B-A0F8-4BAA7287838E}.Debug|Any CPU.ActiveCfg = Debug|Any CPU
		{FA4125DE-761B-437B-A0F8-4BAA7287838E}.Debug|Any CPU.Build.0 = Debug|Any CPU
		{FA4125DE-761B-437B-A0F8-4BAA7287838E}.Release|Any CPU.ActiveCfg = Release|Any CPU
		{FA4125DE-761B-437B-A0F8-4BAA7287838E}.Release|Any CPU.Build.0 = Release|Any CPU
	EndGlobalSection
	GlobalSection(SolutionProperties) = preSolution
		HideSolutionNode = FALSE
	EndGlobalSection
	GlobalSection(ExtensibilityGlobals) = postSolution
		SolutionGuid = {EDD4BDDD-5753-43FB-BFF8-9A9B65F303CB}
	EndGlobalSection
EndGlobal
